
Microsoft Visual Studio Solution File, Format Version 12.00
# Visual Studio Version 16
VisualStudioVersion = 16.0.31321.278
MinimumVisualStudioVersion = 10.0.40219.1
Project("{9A19103F-16F7-4668-BE54-9A1E7A4F7556}") = "ServiceNow Ticket Monitoring System", "ServiceNow Ticket Monitoring System.csproj", "{C3418010-641A-4302-B45B-51642277D357}"
EndProject
Global
	GlobalSection(SolutionConfigurationPlatforms) = preSolution
		Debug|Any CPU = Debug|Any CPU
		Release|Any CPU = Release|Any CPU
	EndGlobalSection
	GlobalSection(ProjectConfigurationPlatforms) = postSolution
		{C3418010-641A-4302-B45B-51642277D357}.Debug|Any CPU.ActiveCfg = Debug|Any CPU
		{C3418010-641A-4302-B45B-51642277D357}.Debug|Any CPU.Build.0 = Debug|Any CPU
		{C3418010-641A-4302-B45B-51642277D357}.Release|Any CPU.ActiveCfg = Release|Any CPU
		{C3418010-641A-4302-B45B-51642277D357}.Release|Any CPU.Build.0 = Release|Any CPU
	EndGlobalSection
	GlobalSection(SolutionProperties) = preSolution
		HideSolutionNode = FALSE
	EndGlobalSection
	GlobalSection(ExtensibilityGlobals) = postSolution
		SolutionGuid = {95C3E843-8FED-4050-8ED7-76A6540ACE62}
	EndGlobalSection
EndGlobal
